{
  "originHash" : "a02775cfc06ca808b07b1e4752fb7686d36c0ed6f65d6c4c39409b3d95eadd57",
  "pins" : [
    {
      "identity" : "agorartcengine_ios",
      "kind" : "remoteSourceControl",
      "location" : "https://github.com/AgoraIO/AgoraRtcEngine_iOS.git",
      "state" : {
        "revision" : "ff783e30c19deddf4ed66eaf78f8ad5d48dece54",
        "version" : "4.4.0"
      }
    },
    {
      "identity" : "stream-video-swift",
      "kind" : "remoteSourceControl",
      "location" : "https://github.com/GetStream/stream-video-swift.git",
      "state" : {
        "revision" : "151c2d3c009aeb58e0a365f3e81b8bfe667fc965",
        "version" : "1.10.0"
      }
    },
    {
      "identity" : "stream-video-swift-webrtc",
      "kind" : "remoteSourceControl",
      "location" : "https://github.com/GetStream/stream-video-swift-webrtc.git",
      "state" : {
        "revision" : "2f7e07b4de39aeb65f3fdc83e4fdbefe5d7d5292",
        "version" : "114.5735.8"
      }
    },
    {
      "identity" : "swift-deepar",
      "kind" : "remoteSourceControl",
      "location" : "https://github.com/DeepARSDK/swift-deepar.git",
      "state" : {
        "revision" : "24d1abb68e3e28a5cf6af3406dc5f809dfa0723a",
        "version" : "5.6.9"
      }
    },
    {
      "identity" : "swift-protobuf",
      "kind" : "remoteSourceControl",
      "location" : "https://github.com/apple/swift-protobuf.git",
      "state" : {
        "revision" : "edb6ed4919f7756157fe02f2552b7e3850a538e5",
        "version" : "1.28.1"
      }
    }
  ],
  "version" : 3
}
