// !$*UTF8*$!
{
	archiveVersion = 1;
	classes = {
	};
	objectVersion = 56;
	objects = {

/* Begin PBXBuildFile section */
		33372CD32C8B9FC1002E5C38 /* BubbleVideoApp.swift in Sources */ = {isa = PBXBuildFile; fileRef = 33372CD22C8B9FC1002E5C38 /* BubbleVideoApp.swift */; };
		33372CD52C8B9FC1002E5C38 /* ContentView.swift in Sources */ = {isa = PBXBuildFile; fileRef = 33372CD42C8B9FC1002E5C38 /* ContentView.swift */; };
		33372CD72C8B9FC3002E5C38 /* Assets.xcassets in Resources */ = {isa = PBXBuildFile; fileRef = 33372CD62C8B9FC3002E5C38 /* Assets.xcassets */; };
		33372CDA2C8B9FC3002E5C38 /* Preview Assets.xcassets in Resources */ = {isa = PBXBuildFile; fileRef = 33372CD92C8B9FC3002E5C38 /* Preview Assets.xcassets */; };
		33372CDC2C8B9FC3002E5C38 /* Persistence.swift in Sources */ = {isa = PBXBuildFile; fileRef = 33372CDB2C8B9FC3002E5C38 /* Persistence.swift */; };
		33372CDF2C8B9FC3002E5C38 /* BubbleVideo.xcdatamodeld in Sources */ = {isa = PBXBuildFile; fileRef = 33372CDD2C8B9FC3002E5C38 /* BubbleVideo.xcdatamodeld */; };
		33645F9F2C8BA009000E1CBF /* StreamVideo in Frameworks */ = {isa = PBXBuildFile; productRef = 33645F9E2C8BA009000E1CBF /* StreamVideo */; };
		33645FA12C8BA009000E1CBF /* StreamVideoSwiftUI in Frameworks */ = {isa = PBXBuildFile; productRef = 33645FA02C8BA009000E1CBF /* StreamVideoSwiftUI */; };
		3364601C2C8F8349000E1CBF /* ParticipantsView.swift in Sources */ = {isa = PBXBuildFile; fileRef = 3364601B2C8F8349000E1CBF /* ParticipantsView.swift */; };
		3364601E2C8F8376000E1CBF /* FloatingParticipantView.swift in Sources */ = {isa = PBXBuildFile; fileRef = 3364601D2C8F8376000E1CBF /* FloatingParticipantView.swift */; };
/* End PBXBuildFile section */

/* Begin PBXFileReference section */
		33372CCF2C8B9FC1002E5C38 /* BubbleVideo.app */ = {isa = PBXFileReference; explicitFileType = wrapper.application; includeInIndex = 0; path = BubbleVideo.app; sourceTree = BUILT_PRODUCTS_DIR; };
		33372CD22C8B9FC1002E5C38 /* BubbleVideoApp.swift */ = {isa = PBXFileReference; lastKnownFileType = sourcecode.swift; path = BubbleVideoApp.swift; sourceTree = "<group>"; };
		33372CD42C8B9FC1002E5C38 /* ContentView.swift */ = {isa = PBXFileReference; lastKnownFileType = sourcecode.swift; path = ContentView.swift; sourceTree = "<group>"; };
		33372CD62C8B9FC3002E5C38 /* Assets.xcassets */ = {isa = PBXFileReference; lastKnownFileType = folder.assetcatalog; path = Assets.xcassets; sourceTree = "<group>"; };
		33372CD92C8B9FC3002E5C38 /* Preview Assets.xcassets */ = {isa = PBXFileReference; lastKnownFileType = folder.assetcatalog; path = "Preview Assets.xcassets"; sourceTree = "<group>"; };
		33372CDB2C8B9FC3002E5C38 /* Persistence.swift */ = {isa = PBXFileReference; lastKnownFileType = sourcecode.swift; path = Persistence.swift; sourceTree = "<group>"; };
		33372CDE2C8B9FC3002E5C38 /* BubbleVideo.xcdatamodel */ = {isa = PBXFileReference; lastKnownFileType = wrapper.xcdatamodel; path = BubbleVideo.xcdatamodel; sourceTree = "<group>"; };
		3364601B2C8F8349000E1CBF /* ParticipantsView.swift */ = {isa = PBXFileReference; lastKnownFileType = sourcecode.swift; path = ParticipantsView.swift; sourceTree = "<group>"; };
		3364601D2C8F8376000E1CBF /* FloatingParticipantView.swift */ = {isa = PBXFileReference; lastKnownFileType = sourcecode.swift; path = FloatingParticipantView.swift; sourceTree = "<group>"; };
/* End PBXFileReference section */

/* Begin PBXFrameworksBuildPhase section */
		33372CCC2C8B9FC1002E5C38 /* Frameworks */ = {
			isa = PBXFrameworksBuildPhase;
			buildActionMask = 2147483647;
			files = (
				33645FA12C8BA009000E1CBF /* StreamVideoSwiftUI in Frameworks */,
				33645F9F2C8BA009000E1CBF /* StreamVideo in Frameworks */,
			);
			runOnlyForDeploymentPostprocessing = 0;
		};
/* End PBXFrameworksBuildPhase section */

/* Begin PBXGroup section */
		33372CC62C8B9FC1002E5C38 = {
			isa = PBXGroup;
			children = (
				33372CD12C8B9FC1002E5C38 /* BubbleVideo */,
				33372CD02C8B9FC1002E5C38 /* Products */,
			);
			sourceTree = "<group>";
		};
		33372CD02C8B9FC1002E5C38 /* Products */ = {
			isa = PBXGroup;
			children = (
				33372CCF2C8B9FC1002E5C38 /* BubbleVideo.app */,
			);
			name = Products;
			sourceTree = "<group>";
		};
		33372CD12C8B9FC1002E5C38 /* BubbleVideo */ = {
			isa = PBXGroup;
			children = (
				33372CD22C8B9FC1002E5C38 /* BubbleVideoApp.swift */,
				3364601B2C8F8349000E1CBF /* ParticipantsView.swift */,
				3364601D2C8F8376000E1CBF /* FloatingParticipantView.swift */,
				33372CD42C8B9FC1002E5C38 /* ContentView.swift */,
				33372CD62C8B9FC3002E5C38 /* Assets.xcassets */,
				33372CDB2C8B9FC3002E5C38 /* Persistence.swift */,
				33372CDD2C8B9FC3002E5C38 /* BubbleVideo.xcdatamodeld */,
				33372CD82C8B9FC3002E5C38 /* Preview Content */,
			);
			path = BubbleVideo;
			sourceTree = "<group>";
		};
		33372CD82C8B9FC3002E5C38 /* Preview Content */ = {
			isa = PBXGroup;
			children = (
				33372CD92C8B9FC3002E5C38 /* Preview Assets.xcassets */,
			);
			path = "Preview Content";
			sourceTree = "<group>";
		};
/* End PBXGroup section */

/* Begin PBXNativeTarget section */
		33372CCE2C8B9FC1002E5C38 /* BubbleVideo */ = {
			isa = PBXNativeTarget;
			buildConfigurationList = 33372CE22C8B9FC3002E5C38 /* Build configuration list for PBXNativeTarget "BubbleVideo" */;
			buildPhases = (
				33372CCB2C8B9FC1002E5C38 /* Sources */,
				33372CCC2C8B9FC1002E5C38 /* Frameworks */,
				33372CCD2C8B9FC1002E5C38 /* Resources */,
			);
			buildRules = (
			);
			dependencies = (
			);
			name = BubbleVideo;
			packageProductDependencies = (
				33645F9E2C8BA009000E1CBF /* StreamVideo */,
				33645FA02C8BA009000E1CBF /* StreamVideoSwiftUI */,
			);
			productName = BubbleVideo;
			productReference = 33372CCF2C8B9FC1002E5C38 /* BubbleVideo.app */;
			productType = "com.apple.product-type.application";
		};
/* End PBXNativeTarget section */

/* Begin PBXProject section */
		33372CC72C8B9FC1002E5C38 /* Project object */ = {
			isa = PBXProject;
			attributes = {
				BuildIndependentTargetsInParallel = 1;
				LastSwiftUpdateCheck = 1540;
				LastUpgradeCheck = 1540;
				TargetAttributes = {
					33372CCE2C8B9FC1002E5C38 = {
						CreatedOnToolsVersion = 15.4;
					};
				};
			};
			buildConfigurationList = 33372CCA2C8B9FC1002E5C38 /* Build configuration list for PBXProject "BubbleVideo" */;
			compatibilityVersion = "Xcode 14.0";
			developmentRegion = en;
			hasScannedForEncodings = 0;
			knownRegions = (
				en,
				Base,
			);
			mainGroup = 33372CC62C8B9FC1002E5C38;
			packageReferences = (
				33645F9D2C8BA009000E1CBF /* XCRemoteSwiftPackageReference "stream-video-swift" */,
				33645FAA2C8EC89A000E1CBF /* XCRemoteSwiftPackageReference "AgoraRtcEngine_iOS" */,
			);
			productRefGroup = 33372CD02C8B9FC1002E5C38 /* Products */;
			projectDirPath = "";
			projectRoot = "";
			targets = (
				33372CCE2C8B9FC1002E5C38 /* BubbleVideo */,
			);
		};
/* End PBXProject section */

/* Begin PBXResourcesBuildPhase section */
		33372CCD2C8B9FC1002E5C38 /* Resources */ = {
			isa = PBXResourcesBuildPhase;
			buildActionMask = 2147483647;
			files = (
				33372CDA2C8B9FC3002E5C38 /* Preview Assets.xcassets in Resources */,
				33372CD72C8B9FC3002E5C38 /* Assets.xcassets in Resources */,
			);
			runOnlyForDeploymentPostprocessing = 0;
		};
/* End PBXResourcesBuildPhase section */

/* Begin PBXSourcesBuildPhase section */
		33372CCB2C8B9FC1002E5C38 /* Sources */ = {
			isa = PBXSourcesBuildPhase;
			buildActionMask = 2147483647;
			files = (
				33372CDC2C8B9FC3002E5C38 /* Persistence.swift in Sources */,
				3364601C2C8F8349000E1CBF /* ParticipantsView.swift in Sources */,
				33372CD52C8B9FC1002E5C38 /* ContentView.swift in Sources */,
				33372CD32C8B9FC1002E5C38 /* BubbleVideoApp.swift in Sources */,
				3364601E2C8F8376000E1CBF /* FloatingParticipantView.swift in Sources */,
				33372CDF2C8B9FC3002E5C38 /* BubbleVideo.xcdatamodeld in Sources */,
			);
			runOnlyForDeploymentPostprocessing = 0;
		};
/* End PBXSourcesBuildPhase section */

/* Begin XCBuildConfiguration section */
		33372CE02C8B9FC3002E5C38 /* Debug */ = {
			isa = XCBuildConfiguration;
			buildSettings = {
				ALWAYS_SEARCH_USER_PATHS = NO;
				ASSETCATALOG_COMPILER_GENERATE_SWIFT_ASSET_SYMBOL_EXTENSIONS = YES;
				CLANG_ANALYZER_NONNULL = YES;
				CLANG_ANALYZER_NUMBER_OBJECT_CONVERSION = YES_AGGRESSIVE;
				CLANG_CXX_LANGUAGE_STANDARD = "gnu++20";
				CLANG_ENABLE_MODULES = YES;
				CLANG_ENABLE_OBJC_ARC = YES;
				CLANG_ENABLE_OBJC_WEAK = YES;
				CLANG_WARN_BLOCK_CAPTURE_AUTORELEASING = YES;
				CLANG_WARN_BOOL_CONVERSION = YES;
				CLANG_WARN_COMMA = YES;
				CLANG_WARN_CONSTANT_CONVERSION = YES;
				CLANG_WARN_DEPRECATED_OBJC_IMPLEMENTATIONS = YES;
				CLANG_WARN_DIRECT_OBJC_ISA_USAGE = YES_ERROR;
				CLANG_WARN_DOCUMENTATION_COMMENTS = YES;
				CLANG_WARN_EMPTY_BODY = YES;
				CLANG_WARN_ENUM_CONVERSION = YES;
				CLANG_WARN_INFINITE_RECURSION = YES;
				CLANG_WARN_INT_CONVERSION = YES;
				CLANG_WARN_NON_LITERAL_NULL_CONVERSION = YES;
				CLANG_WARN_OBJC_IMPLICIT_RETAIN_SELF = YES;
				CLANG_WARN_OBJC_LITERAL_CONVERSION = YES;
				CLANG_WARN_OBJC_ROOT_CLASS = YES_ERROR;
				CLANG_WARN_QUOTED_INCLUDE_IN_FRAMEWORK_HEADER = YES;
				CLANG_WARN_RANGE_LOOP_ANALYSIS = YES;
				CLANG_WARN_STRICT_PROTOTYPES = YES;
				CLANG_WARN_SUSPICIOUS_MOVE = YES;
				CLANG_WARN_UNGUARDED_AVAILABILITY = YES_AGGRESSIVE;
				CLANG_WARN_UNREACHABLE_CODE = YES;
				CLANG_WARN__DUPLICATE_METHOD_MATCH = YES;
				COPY_PHASE_STRIP = NO;
				DEBUG_INFORMATION_FORMAT = dwarf;
				ENABLE_STRICT_OBJC_MSGSEND = YES;
				ENABLE_TESTABILITY = YES;
				ENABLE_USER_SCRIPT_SANDBOXING = YES;
				GCC_C_LANGUAGE_STANDARD = gnu17;
				GCC_DYNAMIC_NO_PIC = NO;
				GCC_NO_COMMON_BLOCKS = YES;
				GCC_OPTIMIZATION_LEVEL = 0;
				GCC_PREPROCESSOR_DEFINITIONS = (
					"DEBUG=1",
					"$(inherited)",
				);
				GCC_WARN_64_TO_32_BIT_CONVERSION = YES;
				GCC_WARN_ABOUT_RETURN_TYPE = YES_ERROR;
				GCC_WARN_UNDECLARED_SELECTOR = YES;
				GCC_WARN_UNINITIALIZED_AUTOS = YES_AGGRESSIVE;
				GCC_WARN_UNUSED_FUNCTION = YES;
				GCC_WARN_UNUSED_VARIABLE = YES;
				IPHONEOS_DEPLOYMENT_TARGET = 17.5;
				LOCALIZATION_PREFERS_STRING_CATALOGS = YES;
				MTL_ENABLE_DEBUG_INFO = INCLUDE_SOURCE;
				MTL_FAST_MATH = YES;
				ONLY_ACTIVE_ARCH = YES;
				SDKROOT = iphoneos;
				SWIFT_ACTIVE_COMPILATION_CONDITIONS = "DEBUG $(inherited)";
				SWIFT_OPTIMIZATION_LEVEL = "-Onone";
			};
			name = Debug;
		};
		33372CE12C8B9FC3002E5C38 /* Release */ = {
			isa = XCBuildConfiguration;
			buildSettings = {
				ALWAYS_SEARCH_USER_PATHS = NO;
				ASSETCATALOG_COMPILER_GENERATE_SWIFT_ASSET_SYMBOL_EXTENSIONS = YES;
				CLANG_ANALYZER_NONNULL = YES;
				CLANG_ANALYZER_NUMBER_OBJECT_CONVERSION = YES_AGGRESSIVE;
				CLANG_CXX_LANGUAGE_STANDARD = "gnu++20";
				CLANG_ENABLE_MODULES = YES;
				CLANG_ENABLE_OBJC_ARC = YES;
				CLANG_ENABLE_OBJC_WEAK = YES;
				CLANG_WARN_BLOCK_CAPTURE_AUTORELEASING = YES;
				CLANG_WARN_BOOL_CONVERSION = YES;
				CLANG_WARN_COMMA = YES;
				CLANG_WARN_CONSTANT_CONVERSION = YES;
				CLANG_WARN_DEPRECATED_OBJC_IMPLEMENTATIONS = YES;
				CLANG_WARN_DIRECT_OBJC_ISA_USAGE = YES_ERROR;
				CLANG_WARN_DOCUMENTATION_COMMENTS = YES;
				CLANG_WARN_EMPTY_BODY = YES;
				CLANG_WARN_ENUM_CONVERSION = YES;
				CLANG_WARN_INFINITE_RECURSION = YES;
				CLANG_WARN_INT_CONVERSION = YES;
				CLANG_WARN_NON_LITERAL_NULL_CONVERSION = YES;
				CLANG_WARN_OBJC_IMPLICIT_RETAIN_SELF = YES;
				CLANG_WARN_OBJC_LITERAL_CONVERSION = YES;
				CLANG_WARN_OBJC_ROOT_CLASS = YES_ERROR;
				CLANG_WARN_QUOTED_INCLUDE_IN_FRAMEWORK_HEADER = YES;
				CLANG_WARN_RANGE_LOOP_ANALYSIS = YES;
				CLANG_WARN_STRICT_PROTOTYPES = YES;
				CLANG_WARN_SUSPICIOUS_MOVE = YES;
				CLANG_WARN_UNGUARDED_AVAILABILITY = YES_AGGRESSIVE;
				CLANG_WARN_UNREACHABLE_CODE = YES;
				CLANG_WARN__DUPLICATE_METHOD_MATCH = YES;
				COPY_PHASE_STRIP = NO;
				DEBUG_INFORMATION_FORMAT = "dwarf-with-dsym";
				ENABLE_NS_ASSERTIONS = NO;
				ENABLE_STRICT_OBJC_MSGSEND = YES;
				ENABLE_USER_SCRIPT_SANDBOXING = YES;
				GCC_C_LANGUAGE_STANDARD = gnu17;
				GCC_NO_COMMON_BLOCKS = YES;
				GCC_WARN_64_TO_32_BIT_CONVERSION = YES;
				GCC_WARN_ABOUT_RETURN_TYPE = YES_ERROR;
				GCC_WARN_UNDECLARED_SELECTOR = YES;
				GCC_WARN_UNINITIALIZED_AUTOS = YES_AGGRESSIVE;
				GCC_WARN_UNUSED_FUNCTION = YES;
				GCC_WARN_UNUSED_VARIABLE = YES;
				IPHONEOS_DEPLOYMENT_TARGET = 17.5;
				LOCALIZATION_PREFERS_STRING_CATALOGS = YES;
				MTL_ENABLE_DEBUG_INFO = NO;
				MTL_FAST_MATH = YES;
				SDKROOT = iphoneos;
				SWIFT_COMPILATION_MODE = wholemodule;
				VALIDATE_PRODUCT = YES;
			};
			name = Release;
		};
		33372CE32C8B9FC3002E5C38 /* Debug */ = {
			isa = XCBuildConfiguration;
			buildSettings = {
				ASSETCATALOG_COMPILER_APPICON_NAME = AppIcon;
				ASSETCATALOG_COMPILER_GLOBAL_ACCENT_COLOR_NAME = AccentColor;
				CODE_SIGN_STYLE = Automatic;
				CURRENT_PROJECT_VERSION = 1;
				DEVELOPMENT_ASSET_PATHS = "\"BubbleVideo/Preview Content\"";
				DEVELOPMENT_TEAM = J9Q34BYMQY;
				ENABLE_PREVIEWS = YES;
				GENERATE_INFOPLIST_FILE = YES;
				INFOPLIST_KEY_NSCameraUsageDescription = "";
				INFOPLIST_KEY_NSMicrophoneUsageDescription = "";
				INFOPLIST_KEY_UIApplicationSceneManifest_Generation = YES;
				INFOPLIST_KEY_UIApplicationSupportsIndirectInputEvents = YES;
				INFOPLIST_KEY_UILaunchScreen_Generation = YES;
				INFOPLIST_KEY_UISupportedInterfaceOrientations_iPad = "UIInterfaceOrientationPortrait UIInterfaceOrientationPortraitUpsideDown UIInterfaceOrientationLandscapeLeft UIInterfaceOrientationLandscapeRight";
				INFOPLIST_KEY_UISupportedInterfaceOrientations_iPhone = "UIInterfaceOrientationPortrait UIInterfaceOrientationLandscapeLeft UIInterfaceOrientationLandscapeRight";
				LD_RUNPATH_SEARCH_PATHS = (
					"$(inherited)",
					"@executable_path/Frameworks",
				);
				MARKETING_VERSION = 1.0;
				PRODUCT_BUNDLE_IDENTIFIER = shah.BubbleVideo;
				PRODUCT_NAME = "$(TARGET_NAME)";
				SWIFT_EMIT_LOC_STRINGS = YES;
				SWIFT_VERSION = 5.0;
				TARGETED_DEVICE_FAMILY = "1,2";
			};
			name = Debug;
		};
		33372CE42C8B9FC3002E5C38 /* Release */ = {
			isa = XCBuildConfiguration;
			buildSettings = {
				ASSETCATALOG_COMPILER_APPICON_NAME = AppIcon;
				ASSETCATALOG_COMPILER_GLOBAL_ACCENT_COLOR_NAME = AccentColor;
				CODE_SIGN_STYLE = Automatic;
				CURRENT_PROJECT_VERSION = 1;
				DEVELOPMENT_ASSET_PATHS = "\"BubbleVideo/Preview Content\"";
				DEVELOPMENT_TEAM = J9Q34BYMQY;
				ENABLE_PREVIEWS = YES;
				GENERATE_INFOPLIST_FILE = YES;
				INFOPLIST_KEY_NSCameraUsageDescription = "";
				INFOPLIST_KEY_NSMicrophoneUsageDescription = "";
				INFOPLIST_KEY_UIApplicationSceneManifest_Generation = YES;
				INFOPLIST_KEY_UIApplicationSupportsIndirectInputEvents = YES;
				INFOPLIST_KEY_UILaunchScreen_Generation = YES;
				INFOPLIST_KEY_UISupportedInterfaceOrientations_iPad = "UIInterfaceOrientationPortrait UIInterfaceOrientationPortraitUpsideDown UIInterfaceOrientationLandscapeLeft UIInterfaceOrientationLandscapeRight";
				INFOPLIST_KEY_UISupportedInterfaceOrientations_iPhone = "UIInterfaceOrientationPortrait UIInterfaceOrientationLandscapeLeft UIInterfaceOrientationLandscapeRight";
				LD_RUNPATH_SEARCH_PATHS = (
					"$(inherited)",
					"@executable_path/Frameworks",
				);
				MARKETING_VERSION = 1.0;
				PRODUCT_BUNDLE_IDENTIFIER = shah.BubbleVideo;
				PRODUCT_NAME = "$(TARGET_NAME)";
				SWIFT_EMIT_LOC_STRINGS = YES;
				SWIFT_VERSION = 5.0;
				TARGETED_DEVICE_FAMILY = "1,2";
			};
			name = Release;
		};
/* End XCBuildConfiguration section */

/* Begin XCConfigurationList section */
		33372CCA2C8B9FC1002E5C38 /* Build configuration list for PBXProject "BubbleVideo" */ = {
			isa = XCConfigurationList;
			buildConfigurations = (
				33372CE02C8B9FC3002E5C38 /* Debug */,
				33372CE12C8B9FC3002E5C38 /* Release */,
			);
			defaultConfigurationIsVisible = 0;
			defaultConfigurationName = Release;
		};
		33372CE22C8B9FC3002E5C38 /* Build configuration list for PBXNativeTarget "BubbleVideo" */ = {
			isa = XCConfigurationList;
			buildConfigurations = (
				33372CE32C8B9FC3002E5C38 /* Debug */,
				33372CE42C8B9FC3002E5C38 /* Release */,
			);
			defaultConfigurationIsVisible = 0;
			defaultConfigurationName = Release;
		};
/* End XCConfigurationList section */

/* Begin XCRemoteSwiftPackageReference section */
		33645F9D2C8BA009000E1CBF /* XCRemoteSwiftPackageReference "stream-video-swift" */ = {
			isa = XCRemoteSwiftPackageReference;
			repositoryURL = "https://github.com/GetStream/stream-video-swift.git";
			requirement = {
				kind = upToNextMajorVersion;
				minimumVersion = 1.10.0;
			};
		};
		33645FAA2C8EC89A000E1CBF /* XCRemoteSwiftPackageReference "AgoraRtcEngine_iOS" */ = {
			isa = XCRemoteSwiftPackageReference;
			repositoryURL = "https://github.com/AgoraIO/AgoraRtcEngine_iOS.git";
			requirement = {
				kind = upToNextMajorVersion;
				minimumVersion = 4.4.0;
			};
		};
/* End XCRemoteSwiftPackageReference section */

/* Begin XCSwiftPackageProductDependency section */
		33645F9E2C8BA009000E1CBF /* StreamVideo */ = {
			isa = XCSwiftPackageProductDependency;
			package = 33645F9D2C8BA009000E1CBF /* XCRemoteSwiftPackageReference "stream-video-swift" */;
			productName = StreamVideo;
		};
		33645FA02C8BA009000E1CBF /* StreamVideoSwiftUI */ = {
			isa = XCSwiftPackageProductDependency;
			package = 33645F9D2C8BA009000E1CBF /* XCRemoteSwiftPackageReference "stream-video-swift" */;
			productName = StreamVideoSwiftUI;
		};
/* End XCSwiftPackageProductDependency section */

/* Begin XCVersionGroup section */
		33372CDD2C8B9FC3002E5C38 /* BubbleVideo.xcdatamodeld */ = {
			isa = XCVersionGroup;
			children = (
				33372CDE2C8B9FC3002E5C38 /* BubbleVideo.xcdatamodel */,
			);
			currentVersion = 33372CDE2C8B9FC3002E5C38 /* BubbleVideo.xcdatamodel */;
			path = BubbleVideo.xcdatamodeld;
			sourceTree = "<group>";
			versionGroupType = wrapper.xcdatamodel;
		};
/* End XCVersionGroup section */
	};
	rootObject = 33372CC72C8B9FC1002E5C38 /* Project object */;
}
